# This file is autogenerated, do not edit; changes may be undone by the next 'dep ensure'.


[[projects]]
  name = "github.com/inconshreveable/mousetrap"
  packages = ["."]
  revision = "76626ae9c91c4f2a10f34cad8ce83ea42c93bb75"
  version = "v1.0"

[[projects]]
  name = "github.com/spf13/cobra"
  packages = ["."]
  revision = "7b2c5ac9fc04fc5efafb60700713d4fa609b777b"
  version = "v0.0.1"

[[projects]]
  name = "github.com/spf13/pflag"
  packages = ["."]
  revision = "e57e3eeb33f795204c1ca35f56c44f83227c6e66"
  version = "v1.0.0"

[[projects]]
  branch = "v25"
  name = "gopkg.in/libgit2/git2go.v25"
  packages = ["."]
  revision = "334260d743d713a55ff3c097ec6707f2bb39e9d5"

[solve-meta]
  analyzer-name = "dep"
  analyzer-version = 1
  inputs-digest = "f06d4826ec17de7552055fe855d599f7cf3c0f4141869ff02b62f3cb40f08ec4"
  solver-name = "gps-cdcl"
  solver-version = 1
